
Microsoft Visual Studio Solution File, Format Version 12.00
# Visual Studio Version 16
VisualStudioVersion = 16.0.31424.327
MinimumVisualStudioVersion = 10.0.40219.1
Project("{FAE04EC0-301F-11D3-BF4B-00C04F79EFBC}") = "LazyAdmin", "LazyAdmin\LazyAdmin.csproj", "{4BDA05C9-8924-4023-809F-DA4B5E29D5E6}"
EndProject
Global
	GlobalSection(SolutionConfigurationPlatforms) = preSolution
		Debug|Any CPU = Debug|Any CPU
		Release|Any CPU = Release|Any CPU
	EndGlobalSection
	GlobalSection(ProjectConfigurationPlatforms) = postSolution
		{4BDA05C9-8924-4023-809F-DA4B5E29D5E6}.Debug|Any CPU.ActiveCfg = Debug|Any CPU
		{4BDA05C9-8924-4023-809F-DA4B5E29D5E6}.Debug|Any CPU.Build.0 = Debug|Any CPU
		{4BDA05C9-8924-4023-809F-DA4B5E29D5E6}.Release|Any CPU.ActiveCfg = Release|Any CPU
		{4BDA05C9-8924-4023-809F-DA4B5E29D5E6}.Release|Any CPU.Build.0 = Release|Any CPU
	EndGlobalSection
	GlobalSection(SolutionProperties) = preSolution
		HideSolutionNode = FALSE
	EndGlobalSection
	GlobalSection(ExtensibilityGlobals) = postSolution
		SolutionGuid = {ED0A6CF6-D503-4113-B21B-710B5D271EFA}
	EndGlobalSection
EndGlobal
