
Microsoft Visual Studio Solution File, Format Version 12.00
# Visual Studio Version 16
VisualStudioVersion = 16.0.31424.327
MinimumVisualStudioVersion = 10.0.40219.1
Project("{FAE04EC0-301F-11D3-BF4B-00C04F79EFBC}") = "LazyAdmin", "LazyAdmin\LazyAdmin.csproj", "{BEF5FC87-A8A1-4C06-9BB5-693A08C3DB64}"
EndProject
Global
	GlobalSection(SolutionConfigurationPlatforms) = preSolution
		Debug|Any CPU = Debug|Any CPU
		Release|Any CPU = Release|Any CPU
	EndGlobalSection
	GlobalSection(ProjectConfigurationPlatforms) = postSolution
		{BEF5FC87-A8A1-4C06-9BB5-693A08C3DB64}.Debug|Any CPU.ActiveCfg = Debug|Any CPU
		{BEF5FC87-A8A1-4C06-9BB5-693A08C3DB64}.Debug|Any CPU.Build.0 = Debug|Any CPU
		{BEF5FC87-A8A1-4C06-9BB5-693A08C3DB64}.Release|Any CPU.ActiveCfg = Release|Any CPU
		{BEF5FC87-A8A1-4C06-9BB5-693A08C3DB64}.Release|Any CPU.Build.0 = Release|Any CPU
	EndGlobalSection
	GlobalSection(SolutionProperties) = preSolution
		HideSolutionNode = FALSE
	EndGlobalSection
	GlobalSection(ExtensibilityGlobals) = postSolution
		SolutionGuid = {F8809B9B-6E7A-47F2-843F-1790E4A6801A}
	EndGlobalSection
EndGlobal
